
Microsoft Visual Studio Solution File, Format Version 12.00
# Visual Studio Version 17
VisualStudioVersion = 17.9.34622.214
MinimumVisualStudioVersion = 10.0.40219.1
Project("{9A19103F-16F7-4668-BE54-9A1E7A4F7556}") = "App", "App\App.csproj", "{6539E967-B4DF-470F-93FE-0AF1EF5FDF7B}"
EndProject
Project("{E53339B2-1760-4266-BCC7-CA923CBCF16C}") = "docker-compose", "docker-compose.dcproj", "{0A955DF4-3465-4550-A883-208105D3A87A}"
EndProject
Project("{9A19103F-16F7-4668-BE54-9A1E7A4F7556}") = "Domain", "Domain\Domain.csproj", "{0707F45D-8D41-4ADB-82B4-AC1437543969}"
EndProject
Project("{9A19103F-16F7-4668-BE54-9A1E7A4F7556}") = "Application", "Application\Application.csproj", "{FDF29C5A-70A3-4EA7-81A6-37877B1AB523}"
EndProject
Project("{2150E333-8FDC-42A3-9474-1A3956D46DE8}") = "Core", "Core", "{63047487-8309-464B-B46F-C2EB7CE589AF}"
EndProject
Project("{9A19103F-16F7-4668-BE54-9A1E7A4F7556}") = "Persistence", "Persistence\Persistence.csproj", "{DD2E0294-4FE5-4EFA-89B8-D656FDC30D44}"
EndProject
Global
	GlobalSection(SolutionConfigurationPlatforms) = preSolution
		Debug|Any CPU = Debug|Any CPU
		Release|Any CPU = Release|Any CPU
	EndGlobalSection
	GlobalSection(ProjectConfigurationPlatforms) = postSolution
		{6539E967-B4DF-470F-93FE-0AF1EF5FDF7B}.Debug|Any CPU.ActiveCfg = Debug|Any CPU
		{6539E967-B4DF-470F-93FE-0AF1EF5FDF7B}.Debug|Any CPU.Build.0 = Debug|Any CPU
		{6539E967-B4DF-470F-93FE-0AF1EF5FDF7B}.Release|Any CPU.ActiveCfg = Release|Any CPU
		{6539E967-B4DF-470F-93FE-0AF1EF5FDF7B}.Release|Any CPU.Build.0 = Release|Any CPU
		{0A955DF4-3465-4550-A883-208105D3A87A}.Debug|Any CPU.ActiveCfg = Debug|Any CPU
		{0A955DF4-3465-4550-A883-208105D3A87A}.Debug|Any CPU.Build.0 = Debug|Any CPU
		{0A955DF4-3465-4550-A883-208105D3A87A}.Release|Any CPU.ActiveCfg = Release|Any CPU
		{0A955DF4-3465-4550-A883-208105D3A87A}.Release|Any CPU.Build.0 = Release|Any CPU
		{0707F45D-8D41-4ADB-82B4-AC1437543969}.Debug|Any CPU.ActiveCfg = Debug|Any CPU
		{0707F45D-8D41-4ADB-82B4-AC1437543969}.Debug|Any CPU.Build.0 = Debug|Any CPU
		{0707F45D-8D41-4ADB-82B4-AC1437543969}.Release|Any CPU.ActiveCfg = Release|Any CPU
		{0707F45D-8D41-4ADB-82B4-AC1437543969}.Release|Any CPU.Build.0 = Release|Any CPU
		{FDF29C5A-70A3-4EA7-81A6-37877B1AB523}.Debug|Any CPU.ActiveCfg = Debug|Any CPU
		{FDF29C5A-70A3-4EA7-81A6-37877B1AB523}.Debug|Any CPU.Build.0 = Debug|Any CPU
		{FDF29C5A-70A3-4EA7-81A6-37877B1AB523}.Release|Any CPU.ActiveCfg = Release|Any CPU
		{FDF29C5A-70A3-4EA7-81A6-37877B1AB523}.Release|Any CPU.Build.0 = Release|Any CPU
		{DD2E0294-4FE5-4EFA-89B8-D656FDC30D44}.Debug|Any CPU.ActiveCfg = Debug|Any CPU
		{DD2E0294-4FE5-4EFA-89B8-D656FDC30D44}.Debug|Any CPU.Build.0 = Debug|Any CPU
		{DD2E0294-4FE5-4EFA-89B8-D656FDC30D44}.Release|Any CPU.ActiveCfg = Release|Any CPU
		{DD2E0294-4FE5-4EFA-89B8-D656FDC30D44}.Release|Any CPU.Build.0 = Release|Any CPU
	EndGlobalSection
	GlobalSection(SolutionProperties) = preSolution
		HideSolutionNode = FALSE
	EndGlobalSection
	GlobalSection(NestedProjects) = preSolution
		{0707F45D-8D41-4ADB-82B4-AC1437543969} = {63047487-8309-464B-B46F-C2EB7CE589AF}
		{FDF29C5A-70A3-4EA7-81A6-37877B1AB523} = {63047487-8309-464B-B46F-C2EB7CE589AF}
	EndGlobalSection
	GlobalSection(ExtensibilityGlobals) = postSolution
		SolutionGuid = {E2862E56-618A-42B8-AECE-9E5F7D79EDAC}
	EndGlobalSection
EndGlobal
